
Microsoft Visual Studio Solution File, Format Version 12.00
# Visual Studio 15
VisualStudioVersion = 15.0.28010.2036
MinimumVisualStudioVersion = 10.0.40219.1
Project("{FAE04EC0-301F-11D3-BF4B-00C04F79EFBC}") = "Chess", "UnitTestWorkshop\Chess.csproj", "{620E8076-F861-4252-A429-3910192068F5}"
EndProject
Project("{FAE04EC0-301F-11D3-BF4B-00C04F79EFBC}") = "UnitTests", "UnitTestWorkshop\UnitTests\UnitTests.csproj", "{F3FAE86B-ADFE-475C-ADD6-F5387B084003}"
EndProject
Global
	GlobalSection(SolutionConfigurationPlatforms) = preSolution
		Debug|Any CPU = Debug|Any CPU
		Release|Any CPU = Release|Any CPU
	EndGlobalSection
	GlobalSection(ProjectConfigurationPlatforms) = postSolution
		{620E8076-F861-4252-A429-3910192068F5}.Debug|Any CPU.ActiveCfg = Debug|Any CPU
		{620E8076-F861-4252-A429-3910192068F5}.Debug|Any CPU.Build.0 = Debug|Any CPU
		{620E8076-F861-4252-A429-3910192068F5}.Release|Any CPU.ActiveCfg = Release|Any CPU
		{620E8076-F861-4252-A429-3910192068F5}.Release|Any CPU.Build.0 = Release|Any CPU
		{F3FAE86B-ADFE-475C-ADD6-F5387B084003}.Debug|Any CPU.ActiveCfg = Debug|Any CPU
		{F3FAE86B-ADFE-475C-ADD6-F5387B084003}.Debug|Any CPU.Build.0 = Debug|Any CPU
		{F3FAE86B-ADFE-475C-ADD6-F5387B084003}.Release|Any CPU.ActiveCfg = Release|Any CPU
		{F3FAE86B-ADFE-475C-ADD6-F5387B084003}.Release|Any CPU.Build.0 = Release|Any CPU
	EndGlobalSection
	GlobalSection(SolutionProperties) = preSolution
		HideSolutionNode = FALSE
	EndGlobalSection
	GlobalSection(ExtensibilityGlobals) = postSolution
		SolutionGuid = {5ECC1006-F82B-46AD-A080-B57C86D6ED7C}
	EndGlobalSection
EndGlobal
